
Microsoft Visual Studio Solution File, Format Version 12.00
# Visual Studio 15
VisualStudioVersion = 15.0.27130.2020
MinimumVisualStudioVersion = 10.0.40219.1
Project("{F184B08F-C81C-45F6-A57F-5ABD9991F28F}") = "LKSBali2017", "LKSBali2017\LKSBali2017.vbproj", "{0EE1E8CC-599D-42F8-B26D-A4B355DC16EB}"
EndProject
Global
	GlobalSection(SolutionConfigurationPlatforms) = preSolution
		Debug|Any CPU = Debug|Any CPU
		Release|Any CPU = Release|Any CPU
	EndGlobalSection
	GlobalSection(ProjectConfigurationPlatforms) = postSolution
		{0EE1E8CC-599D-42F8-B26D-A4B355DC16EB}.Debug|Any CPU.ActiveCfg = Debug|Any CPU
		{0EE1E8CC-599D-42F8-B26D-A4B355DC16EB}.Debug|Any CPU.Build.0 = Debug|Any CPU
		{0EE1E8CC-599D-42F8-B26D-A4B355DC16EB}.Release|Any CPU.ActiveCfg = Release|Any CPU
		{0EE1E8CC-599D-42F8-B26D-A4B355DC16EB}.Release|Any CPU.Build.0 = Release|Any CPU
	EndGlobalSection
	GlobalSection(SolutionProperties) = preSolution
		HideSolutionNode = FALSE
	EndGlobalSection
	GlobalSection(ExtensibilityGlobals) = postSolution
		SolutionGuid = {D40EE642-D596-4193-BB48-461ABD7913D7}
	EndGlobalSection
EndGlobal
